<?xml version="1.0" encoding="utf-8"?>
<Project xmlns="http://schemas.microsoft.com/developer/msbuild/2003">
  <ItemGroup>
    <Filter Include="Form Files">
      <UniqueIdentifier>{99349809-55BA-4b9d-BF79-8FDBB0286EB3}</UniqueIdentifier>
      <Extensions>ui</Extensions>
      <ParseFiles>false</ParseFiles>
    </Filter>
    <Filter Include="Form Files">
      <UniqueIdentifier>{99349809-55BA-4b9d-BF79-8FDBB0286EB3}</UniqueIdentifier>
      <Extensions>ui</Extensions>
      <ParseFiles>false</ParseFiles>
    </Filter>
    <Filter Include="Generated Files">
      <UniqueIdentifier>{71ED8ED8-ACB9-4CE9-BBE1-E00B30144E11}</UniqueIdentifier>
      <Extensions>cpp;c;cxx;moc;h;def;odl;idl;res;</Extensions>
    </Filter>
    <Filter Include="Generated Files">
      <UniqueIdentifier>{71ED8ED8-ACB9-4CE9-BBE1-E00B30144E11}</UniqueIdentifier>
      <Extensions>cpp;c;cxx;moc;h;def;odl;idl;res;</Extensions>
    </Filter>
    <Filter Include="Header Files">
      <UniqueIdentifier>{93995380-89BD-4b04-88EB-625FBE52EBFB}</UniqueIdentifier>
      <Extensions>h;hpp;hxx;hm;inl;inc;xsd</Extensions>
    </Filter>
    <Filter Include="Header Files">
      <UniqueIdentifier>{93995380-89BD-4b04-88EB-625FBE52EBFB}</UniqueIdentifier>
      <Extensions>h;hpp;hxx;hm;inl;inc;xsd</Extensions>
    </Filter>
    <Filter Include="Resource Files">
      <UniqueIdentifier>{D9D6E242-F8AF-46E4-B9FD-80ECBC20BA3E}</UniqueIdentifier>
      <Extensions>qrc;*</Extensions>
      <ParseFiles>false</ParseFiles>
    </Filter>
    <Filter Include="Resource Files">
      <UniqueIdentifier>{D9D6E242-F8AF-46E4-B9FD-80ECBC20BA3E}</UniqueIdentifier>
      <Extensions>qrc;*</Extensions>
      <ParseFiles>false</ParseFiles>
    </Filter>
    <Filter Include="Source Files">
      <UniqueIdentifier>{4FC737F1-C7A5-4376-A066-2A32D752A2FF}</UniqueIdentifier>
      <Extensions>cpp;c;cxx;def;odl;idl;hpj;bat;asm;asmx</Extensions>
    </Filter>
    <Filter Include="Source Files">
      <UniqueIdentifier>{4FC737F1-C7A5-4376-A066-2A32D752A2FF}</UniqueIdentifier>
      <Extensions>cpp;c;cxx;def;odl;idl;hpj;bat;asm;asmx</Extensions>
    </Filter>
  </ItemGroup>
  <ItemGroup>
    <ClCompile Include="chatdialog.cpp">
      <Filter>Source Files</Filter>
    </ClCompile>
    <ClCompile Include="chatuserlist.cpp">
      <Filter>Source Files</Filter>
    </ClCompile>
    <ClCompile Include="findfaileddialog.cpp">
      <Filter>Source Files</Filter>
    </ClCompile>
    <ClCompile Include="finduserdialog.cpp">
      <Filter>Source Files</Filter>
    </ClCompile>
    <ClCompile Include="friendrequestdialog.cpp">
      <Filter>Source Files</Filter>
    </ClCompile>
    <ClCompile Include="friendverifydialog.cpp">
      <Filter>Source Files</Filter>
    </ClCompile>
    <ClCompile Include="global.cpp">
      <Filter>Source Files</Filter>
    </ClCompile>
    <ClCompile Include="httpmgr.cpp">
      <Filter>Source Files</Filter>
    </ClCompile>
    <ClCompile Include="listwidget.cpp">
      <Filter>Source Files</Filter>
    </ClCompile>
    <ClCompile Include="loadingdialog.cpp">
      <Filter>Source Files</Filter>
    </ClCompile>
    <ClCompile Include="loginwidget.cpp">
      <Filter>Source Files</Filter>
    </ClCompile>
    <ClCompile Include="main.cpp">
      <Filter>Source Files</Filter>
    </ClCompile>
    <ClCompile Include="mainwindow.cpp">
      <Filter>Source Files</Filter>
    </ClCompile>
    <ClCompile Include="registerwidget.cpp">
      <Filter>Source Files</Filter>
    </ClCompile>
    <ClCompile Include="resetwidget.cpp">
      <Filter>Source Files</Filter>
    </ClCompile>
    <ClCompile Include="sigleton.cpp">
      <Filter>Source Files</Filter>
    </ClCompile>
    <ClCompile Include="tcpmgr.cpp">
      <Filter>Source Files</Filter>
    </ClCompile>
    <ClCompile Include="timerbutton.cpp">
      <Filter>Source Files</Filter>
    </ClCompile>
    <ClCompile Include="userinfowidget.cpp">
      <Filter>Source Files</Filter>
    </ClCompile>
  </ItemGroup>
  <ItemGroup>
    <QtMoc Include="chatdialog.h">
      <Filter>Header Files</Filter>
    </QtMoc>
    <QtMoc Include="chatuserlist.h">
      <Filter>Header Files</Filter>
    </QtMoc>
    <QtMoc Include="findfaileddialog.h">
      <Filter>Header Files</Filter>
    </QtMoc>
    <QtMoc Include="finduserdialog.h">
      <Filter>Header Files</Filter>
    </QtMoc>
    <QtMoc Include="friendrequestdialog.h">
      <Filter>Header Files</Filter>
    </QtMoc>
    <QtMoc Include="friendverifydialog.h">
      <Filter>Header Files</Filter>
    </QtMoc>
    <ClInclude Include="global.h">
      <Filter>Header Files</Filter>
    </ClInclude>
    <QtMoc Include="httpmgr.h">
      <Filter>Header Files</Filter>
    </QtMoc>
    <QtMoc Include="listwidget.h">
      <Filter>Header Files</Filter>
    </QtMoc>
    <QtMoc Include="loadingdialog.h">
      <Filter>Header Files</Filter>
    </QtMoc>
    <QtMoc Include="loginwidget.h">
      <Filter>Header Files</Filter>
    </QtMoc>
    <QtMoc Include="mainwindow.h">
      <Filter>Header Files</Filter>
    </QtMoc>
    <QtMoc Include="registerwidget.h">
      <Filter>Header Files</Filter>
    </QtMoc>
    <QtMoc Include="resetwidget.h">
      <Filter>Header Files</Filter>
    </QtMoc>
    <ClInclude Include="sigleton.h">
      <Filter>Header Files</Filter>
    </ClInclude>
    <QtMoc Include="tcpmgr.h">
      <Filter>Header Files</Filter>
    </QtMoc>
    <ClInclude Include="timerbutton.h">
      <Filter>Header Files</Filter>
    </ClInclude>
    <QtMoc Include="userinfowidget.h">
      <Filter>Header Files</Filter>
    </QtMoc>
  </ItemGroup>
  <ItemGroup>
    <CustomBuild Include="debug\moc_predefs.h.cbt">
      <Filter>Generated Files</Filter>
    </CustomBuild>
    <CustomBuild Include="release\moc_predefs.h.cbt">
      <Filter>Generated Files</Filter>
    </CustomBuild>
  </ItemGroup>
  <ItemGroup>
    <QtUic Include="chatdialog.ui">
      <Filter>Form Files</Filter>
    </QtUic>
    <QtUic Include="findfaileddialog.ui">
      <Filter>Form Files</Filter>
    </QtUic>
    <QtUic Include="finduserdialog.ui">
      <Filter>Form Files</Filter>
    </QtUic>
    <QtUic Include="friendrequestdialog.ui">
      <Filter>Form Files</Filter>
    </QtUic>
    <QtUic Include="friendverifydialog.ui">
      <Filter>Form Files</Filter>
    </QtUic>
    <QtUic Include="listwidget.ui">
      <Filter>Form Files</Filter>
    </QtUic>
    <QtUic Include="loadingdialog.ui">
      <Filter>Form Files</Filter>
    </QtUic>
    <QtUic Include="loginwidget.ui">
      <Filter>Form Files</Filter>
    </QtUic>
    <QtUic Include="mainwindow.ui">
      <Filter>Form Files</Filter>
    </QtUic>
    <QtUic Include="registerwidget.ui">
      <Filter>Form Files</Filter>
    </QtUic>
    <QtUic Include="resetwidget.ui">
      <Filter>Form Files</Filter>
    </QtUic>
    <QtUic Include="userinfowidget.ui">
      <Filter>Form Files</Filter>
    </QtUic>
  </ItemGroup>
  <ItemGroup>
    <None Include="res\loading.gif">
      <Filter>Resource Files</Filter>
    </None>
    <None Include="res\login.jpg">
      <Filter>Resource Files</Filter>
    </None>
    <QtRcc Include="res.qrc">
      <Filter>Resource Files</Filter>
    </QtRcc>
  </ItemGroup>
  <ItemGroup>
    <ResourceCompile Include="E:\Projects\QT\Chat\Chat_resource.rc" />
  </ItemGroup>
</Project>